
Microsoft Visual Studio Solution File, Format Version 11.00
# Visual Studio 2010
Project("{FAE04EC0-301F-11D3-BF4B-00C04F79EFBC}") = "Assembly-CSharp", "Assembly-CSharp.csproj", "{c70c0144-ac00-f2b2-c4e8-6182a5c9fc90}"
EndProject
Project("{FAE04EC0-301F-11D3-BF4B-00C04F79EFBC}") = "Assembly-CSharp-Editor", "Assembly-CSharp-Editor.csproj", "{1212c1f9-0657-99b1-964b-1307b4ff6030}"
EndProject
Global
	GlobalSection(SolutionConfigurationPlatforms) = preSolution
		Debug|Any CPU = Debug|Any CPU
		Release|Any CPU = Release|Any CPU
	EndGlobalSection
	GlobalSection(ProjectConfigurationPlatforms) = postSolution
		{c70c0144-ac00-f2b2-c4e8-6182a5c9fc90}.Debug|Any CPU.ActiveCfg = Debug|Any CPU
		{c70c0144-ac00-f2b2-c4e8-6182a5c9fc90}.Debug|Any CPU.Build.0 = Debug|Any CPU
		{c70c0144-ac00-f2b2-c4e8-6182a5c9fc90}.Release|Any CPU.ActiveCfg = Release|Any CPU
		{c70c0144-ac00-f2b2-c4e8-6182a5c9fc90}.Release|Any CPU.Build.0 = Release|Any CPU
		{1212c1f9-0657-99b1-964b-1307b4ff6030}.Debug|Any CPU.ActiveCfg = Debug|Any CPU
		{1212c1f9-0657-99b1-964b-1307b4ff6030}.Debug|Any CPU.Build.0 = Debug|Any CPU
		{1212c1f9-0657-99b1-964b-1307b4ff6030}.Release|Any CPU.ActiveCfg = Release|Any CPU
		{1212c1f9-0657-99b1-964b-1307b4ff6030}.Release|Any CPU.Build.0 = Release|Any CPU
	EndGlobalSection
	GlobalSection(SolutionProperties) = preSolution
		HideSolutionNode = FALSE
	EndGlobalSection
EndGlobal
